
Microsoft Visual Studio Solution File, Format Version 12.00
# Visual Studio Version 17
VisualStudioVersion = 17.5.002.0
MinimumVisualStudioVersion = 10.0.40219.1
Project("{9A19103F-16F7-4668-BE54-9A1E7A4F7556}") = "calculator", "calculator.csproj", "{436CD608-1FBC-4472-B649-E49CB9BF8B64}"
EndProject
Global
	GlobalSection(SolutionConfigurationPlatforms) = preSolution
		Debug|Any CPU = Debug|Any CPU
		Release|Any CPU = Release|Any CPU
	EndGlobalSection
	GlobalSection(ProjectConfigurationPlatforms) = postSolution
		{436CD608-1FBC-4472-B649-E49CB9BF8B64}.Debug|Any CPU.ActiveCfg = Debug|Any CPU
		{436CD608-1FBC-4472-B649-E49CB9BF8B64}.Debug|Any CPU.Build.0 = Debug|Any CPU
		{436CD608-1FBC-4472-B649-E49CB9BF8B64}.Release|Any CPU.ActiveCfg = Release|Any CPU
		{436CD608-1FBC-4472-B649-E49CB9BF8B64}.Release|Any CPU.Build.0 = Release|Any CPU
	EndGlobalSection
	GlobalSection(SolutionProperties) = preSolution
		HideSolutionNode = FALSE
	EndGlobalSection
	GlobalSection(ExtensibilityGlobals) = postSolution
		SolutionGuid = {3300C7A2-5E9C-4CE2-86E5-1F20B5BC37BA}
	EndGlobalSection
EndGlobal
